
Microsoft Visual Studio Solution File, Format Version 12.00
# Visual Studio Version 17
VisualStudioVersion = 17.4.33205.214
MinimumVisualStudioVersion = 10.0.40219.1
Project("{9A19103F-16F7-4668-BE54-9A1E7A4F7556}") = "ReverseNonogramApi", "ReverseNonogramApi\ReverseNonogramApi.csproj", "{D9E92947-F9F9-4E5B-BFDE-CE29FDBF9754}"
EndProject
Project("{FAE04EC0-301F-11D3-BF4B-00C04F79EFBC}") = "ReverseNonogramApi.Tests", "ReverseNonogramApi.Tests\ReverseNonogramApi.Tests.csproj", "{F3F937C1-D133-4A3B-B202-7C70CA0DFFE4}"
EndProject
Global
	GlobalSection(SolutionConfigurationPlatforms) = preSolution
		Debug|Any CPU = Debug|Any CPU
		Release|Any CPU = Release|Any CPU
	EndGlobalSection
	GlobalSection(ProjectConfigurationPlatforms) = postSolution
		{D9E92947-F9F9-4E5B-BFDE-CE29FDBF9754}.Debug|Any CPU.ActiveCfg = Debug|Any CPU
		{D9E92947-F9F9-4E5B-BFDE-CE29FDBF9754}.Debug|Any CPU.Build.0 = Debug|Any CPU
		{D9E92947-F9F9-4E5B-BFDE-CE29FDBF9754}.Release|Any CPU.ActiveCfg = Release|Any CPU
		{D9E92947-F9F9-4E5B-BFDE-CE29FDBF9754}.Release|Any CPU.Build.0 = Release|Any CPU
		{F3F937C1-D133-4A3B-B202-7C70CA0DFFE4}.Debug|Any CPU.ActiveCfg = Debug|Any CPU
		{F3F937C1-D133-4A3B-B202-7C70CA0DFFE4}.Debug|Any CPU.Build.0 = Debug|Any CPU
		{F3F937C1-D133-4A3B-B202-7C70CA0DFFE4}.Release|Any CPU.ActiveCfg = Release|Any CPU
		{F3F937C1-D133-4A3B-B202-7C70CA0DFFE4}.Release|Any CPU.Build.0 = Release|Any CPU
	EndGlobalSection
	GlobalSection(SolutionProperties) = preSolution
		HideSolutionNode = FALSE
	EndGlobalSection
	GlobalSection(ExtensibilityGlobals) = postSolution
		SolutionGuid = {7A93D96F-0CB0-416D-901E-21D63092EE30}
	EndGlobalSection
EndGlobal
